github.com/aafeher/go-sitemap-parser v1.0.2 h1:iD4mIKHlD3DR/38yxmoM2Rg84LYb3Q9QVGDy3P37mdY=
github.com/aafeher/go-sitemap-parser v1.0.2/go.mod h1:1r+bTRvKAboisCzsbLODxtoDSjcKViKw47eTu95Of9c=
github.com/araddon/dateparse v0.0.0-20210429162001-6b43995a97de h1:FxWPpzIjnTlhPwqqXc4/vE0f7GvRjuAsbW+HOIe8KnA=
github.com/araddon/dateparse v0.0.0-20210429162001-6b43995a97de/go.mod h1:DCaWoUhZrYW9p1lxo/cm8EmUOOzAPSEZNGF2DK1dJgw=
github.com/davecgh/go-spew v1.1.0 h1:ZDRjVQ15GmhC3fiQ8ni8+OwkZQO4DARzQgrnXU1Liz8=
github.com/davecgh/go-spew v1.1.0/go.mod h1:J7Y8YcW2NihsgmVo/mv3lAwl/skON4iLHjSsI+c5H38=
github.com/go-test/deep v1.1.0 h1:WOcxcdHcvdgThNXjw0t76K42FXTU7HpNQWHpA2HHNlg=
github.com/go-test/deep v1.1.0/go.mod h1:5C2ZWiW0ErCdrYzpqxLbTX7MG14M9iiw8DgHncVwcsE=
github.com/mattn/go-runewidth v0.0.10/go.mod h1:RAqKPSqVFrSLVXbA8x7dzmKdmGzieGRCM46jaSJTDAk=
github.com/oxffaa/gopher-parse-sitemap v0.0.0-20191021113419-005d2eb1def4 h1:2vmb32OdDhjZf2ETGDlr9n8RYXx7c+jXPxMiPbwnA+8=
github.com/oxffaa/gopher-parse-sitemap v0.0.0-20191021113419-005d2eb1def4/go.mod h1:2JQx4jDHmWrbABvpOayg/+OTU6ehN0IyK2EHzceXpJo=
github.com/pmezard/go-difflib v1.0.0 h1:4DBwDE0NGyQoBHbLQYPwSUPoCMWR5BEzIk/f1lZbAQM=
github.com/pmezard/go-difflib v1.0.0/go.mod h1:iKH77koFhYxTK1pcRnkKkqfTogsbg7gZNVY4sRDYZ/4=
github.com/rivo/uniseg v0.1.0/go.mod h1:J6wj4VEh+S6ZtnVlnTBMWIodfgj8LQOQFoIToxlJtxc=
github.com/scylladb/termtables v0.0.0-20191203121021-c4c0b6d42ff4/go.mod h1:C1a7PQSMz9NShzorzCiG2fk9+xuCgLkPeCvMHYR2OWg=
github.com/snabb/sitemap v1.0.5 h1:D0RZpRjdC1WuTl4bdGmjJcbqpr+VLkrcPedvGeCM0CM=
github.com/snabb/sitemap v1.0.5/go.mod h1:cr/ilsACOZxG2JCZuinCxqmpztSq87QdFKJmZ0HscZI=
github.com/stretchr/objx v0.1.0/go.mod h1:HFkY916IF+rwdDfMAkV7OtwuqBVzrE8GR6GFx+wExME=
github.com/stretchr/testify v1.7.0 h1:nwc3DEeHmmLAfoZucVR881uASk0Mfjw8xYJ99tb5CcY=
github.com/stretchr/testify v1.7.0/go.mod h1:6Fq8oRcR53rry900zMqJjRRixrwX3KX962/h/Wwjteg=
github.com/yaa110/go-persian-calendar v1.3.0 h1:aGWyS4MO8KQq0y/cqmOwXdDUeEeb88hBi41kKyHKwhw=
github.com/yaa110/go-persian-calendar v1.3.0/go.mod h1:AM75c681oraAsCdpCMVie7Pvi+FUAOm0k/6cCTCg+oc=
github.com/yterajima/go-sitemap v0.4.0 h1:JVgmfq4ch/XXIfKjSNlGqZudlPTBagNUgE6B9uBurm4=
github.com/yterajima/go-sitemap v0.4.0/go.mod h1:CRU0eiLdQIFhxLoTQRgXlsPMNbENABe7h/l5+NGFNFw=
golang.org/x/net v0.53.0 h1:d+qAbo5L0orcWAr0a9JweQpjXF19LMXJE8Ey7hwOdUA=
golang.org/x/net v0.53.0/go.mod h1:JvMuJH7rrdiCfbeHoo3fCQU24Lf5JJwT9W3sJFulfgs=
golang.org/x/text v0.36.0 h1:JfKh3XmcRPqZPKevfXVpI1wXPTqbkE5f7JA92a55Yxg=
golang.org/x/text v0.36.0/go.mod h1:NIdBknypM8iqVmPiuco0Dh6P5Jcdk8lJL0CUebqK164=
gopkg.in/check.v1 v0.0.0-20161208181325-20d25e280405/go.mod h1:Co6ibVJAznAaIkqp8huTwlJQCZ016jof/cbN4VW5Yz0=
gopkg.in/yaml.v3 v3.0.0-20200313102051-9f266ea9e77c h1:dUUwHk2QECo/6vqA44rthZ8ie2QXMNeKRTHCNY2nXvo=
gopkg.in/yaml.v3 v3.0.0-20200313102051-9f266ea9e77c/go.mod h1:K4uyk7z7BCEPqu6E+C64Yfv1cQ7kz7rIZviUmN+EgEM=
